// !$*UTF8*$!
{
	archiveVersion = 1;
	classes = {
	};
	objectVersion = 56;
	objects = {

/* Begin PBXBuildFile section */
		450BD1A224A6395700948B47 /* SatisfactoryApp.swift in Sources */ = {isa = PBXBuildFile; fileRef = 450BD18F24A6395700948B47 /* SatisfactoryApp.swift */; };
		450BD1A324A6395700948B47 /* SatisfactoryApp.swift in Sources */ = {isa = PBXBuildFile; fileRef = 450BD18F24A6395700948B47 /* SatisfactoryApp.swift */; };
		450BD1A624A6395700948B47 /* Assets.xcassets in Resources */ = {isa = PBXBuildFile; fileRef = 450BD19124A6395700948B47 /* Assets.xcassets */; };
		450BD1A724A6395700948B47 /* Assets.xcassets in Resources */ = {isa = PBXBuildFile; fileRef = 450BD19124A6395700948B47 /* Assets.xcassets */; };
		D30D979D2BF6ACF6007B6850 /* RecipeProductionView.swift in Sources */ = {isa = PBXBuildFile; fileRef = D30D979C2BF6ACF6007B6850 /* RecipeProductionView.swift */; };
		D30D979E2BF6ACF6007B6850 /* RecipeProductionView.swift in Sources */ = {isa = PBXBuildFile; fileRef = D30D979C2BF6ACF6007B6850 /* RecipeProductionView.swift */; };
		D30D979F2BF6ACF6007B6850 /* RecipeProductionView.swift in Sources */ = {isa = PBXBuildFile; fileRef = D30D979C2BF6ACF6007B6850 /* RecipeProductionView.swift */; };
		D30D97A22BF75412007B6850 /* NewProductionView.swift in Sources */ = {isa = PBXBuildFile; fileRef = D30D97A12BF75412007B6850 /* NewProductionView.swift */; };
		D30D97A32BF75412007B6850 /* NewProductionView.swift in Sources */ = {isa = PBXBuildFile; fileRef = D30D97A12BF75412007B6850 /* NewProductionView.swift */; };
		D30D97A42BF75412007B6850 /* NewProductionView.swift in Sources */ = {isa = PBXBuildFile; fileRef = D30D97A12BF75412007B6850 /* NewProductionView.swift */; };
		D314C3B02C0464EB002825C9 /* TabsView.swift in Sources */ = {isa = PBXBuildFile; fileRef = D314C3AF2C0464EB002825C9 /* TabsView.swift */; };
		D314C3B12C0464EB002825C9 /* TabsView.swift in Sources */ = {isa = PBXBuildFile; fileRef = D314C3AF2C0464EB002825C9 /* TabsView.swift */; };
		D314C3B22C0464EB002825C9 /* TabsView.swift in Sources */ = {isa = PBXBuildFile; fileRef = D314C3AF2C0464EB002825C9 /* TabsView.swift */; };
		D314C3B52C04715D002825C9 /* ItemRecipesViewModel.swift in Sources */ = {isa = PBXBuildFile; fileRef = D314C3B42C04715D002825C9 /* ItemRecipesViewModel.swift */; };
		D314C3B62C04715D002825C9 /* ItemRecipesViewModel.swift in Sources */ = {isa = PBXBuildFile; fileRef = D314C3B42C04715D002825C9 /* ItemRecipesViewModel.swift */; };
		D314C3B72C04715D002825C9 /* ItemRecipesViewModel.swift in Sources */ = {isa = PBXBuildFile; fileRef = D314C3B42C04715D002825C9 /* ItemRecipesViewModel.swift */; };
		D314C3B92C0477E5002825C9 /* ItemRecipesView.swift in Sources */ = {isa = PBXBuildFile; fileRef = D314C3B82C0477E5002825C9 /* ItemRecipesView.swift */; };
		D314C3BA2C0477E5002825C9 /* ItemRecipesView.swift in Sources */ = {isa = PBXBuildFile; fileRef = D314C3B82C0477E5002825C9 /* ItemRecipesView.swift */; };
		D314C3BB2C0477E5002825C9 /* ItemRecipesView.swift in Sources */ = {isa = PBXBuildFile; fileRef = D314C3B82C0477E5002825C9 /* ItemRecipesView.swift */; };
		D31F7C5A2BF7E2D900AAE5C0 /* SHSettings in Frameworks */ = {isa = PBXBuildFile; productRef = D31F7C592BF7E2D900AAE5C0 /* SHSettings */; };
		D31F7C5C2BF7F0C100AAE5C0 /* NewProductionViewModel.swift in Sources */ = {isa = PBXBuildFile; fileRef = D31F7C5B2BF7F0C100AAE5C0 /* NewProductionViewModel.swift */; };
		D31F7C5D2BF7F0C100AAE5C0 /* NewProductionViewModel.swift in Sources */ = {isa = PBXBuildFile; fileRef = D31F7C5B2BF7F0C100AAE5C0 /* NewProductionViewModel.swift */; };
		D31F7C5E2BF7F0C100AAE5C0 /* NewProductionViewModel.swift in Sources */ = {isa = PBXBuildFile; fileRef = D31F7C5B2BF7F0C100AAE5C0 /* NewProductionViewModel.swift */; };
		D32AC7DA2C16D68F00BDFBAC /* ItemIconShape.swift in Sources */ = {isa = PBXBuildFile; fileRef = D32AC7D92C16D68F00BDFBAC /* ItemIconShape.swift */; };
		D32AC7DB2C16D68F00BDFBAC /* ItemIconShape.swift in Sources */ = {isa = PBXBuildFile; fileRef = D32AC7D92C16D68F00BDFBAC /* ItemIconShape.swift */; };
		D32AC7DD2C16E96F00BDFBAC /* InverseMaskViewModifier.swift in Sources */ = {isa = PBXBuildFile; fileRef = D32AC7DC2C16E96F00BDFBAC /* InverseMaskViewModifier.swift */; };
		D32AC7DE2C16E96F00BDFBAC /* InverseMaskViewModifier.swift in Sources */ = {isa = PBXBuildFile; fileRef = D32AC7DC2C16E96F00BDFBAC /* InverseMaskViewModifier.swift */; };
		D32AC7E42C16F17400BDFBAC /* RecipeDisplayView.swift in Sources */ = {isa = PBXBuildFile; fileRef = D32AC7E32C16F17400BDFBAC /* RecipeDisplayView.swift */; };
		D32AC7E52C16F17400BDFBAC /* RecipeDisplayView.swift in Sources */ = {isa = PBXBuildFile; fileRef = D32AC7E32C16F17400BDFBAC /* RecipeDisplayView.swift */; };
		D32AC7E72C16F33100BDFBAC /* RecipeItemAmountShape.swift in Sources */ = {isa = PBXBuildFile; fileRef = D32AC7E62C16F33100BDFBAC /* RecipeItemAmountShape.swift */; };
		D32AC7E82C16F33100BDFBAC /* RecipeItemAmountShape.swift in Sources */ = {isa = PBXBuildFile; fileRef = D32AC7E62C16F33100BDFBAC /* RecipeItemAmountShape.swift */; };
		D32AC7EA2C16F3C700BDFBAC /* RecipeByproductShape.swift in Sources */ = {isa = PBXBuildFile; fileRef = D32AC7E92C16F3C700BDFBAC /* RecipeByproductShape.swift */; };
		D32AC7EB2C16F3C700BDFBAC /* RecipeByproductShape.swift in Sources */ = {isa = PBXBuildFile; fileRef = D32AC7E92C16F3C700BDFBAC /* RecipeByproductShape.swift */; };
		D32AC7ED2C16FA9900BDFBAC /* ScrollOffsetReader.swift in Sources */ = {isa = PBXBuildFile; fileRef = D32AC7EC2C16FA9900BDFBAC /* ScrollOffsetReader.swift */; };
		D32AC7EE2C16FA9900BDFBAC /* ScrollOffsetReader.swift in Sources */ = {isa = PBXBuildFile; fileRef = D32AC7EC2C16FA9900BDFBAC /* ScrollOffsetReader.swift */; };
		D32AC7F02C1702D500BDFBAC /* RecipeProductionGroupView.swift in Sources */ = {isa = PBXBuildFile; fileRef = D32AC7EF2C1702D500BDFBAC /* RecipeProductionGroupView.swift */; };
		D32AC7F12C1702D500BDFBAC /* RecipeProductionGroupView.swift in Sources */ = {isa = PBXBuildFile; fileRef = D32AC7EF2C1702D500BDFBAC /* RecipeProductionGroupView.swift */; };
		D32AC7F32C170D8800BDFBAC /* SHDependencies in Resources */ = {isa = PBXBuildFile; fileRef = D32AC7F22C170D8800BDFBAC /* SHDependencies */; };
		D32AC7F42C170D8800BDFBAC /* SHDependencies in Resources */ = {isa = PBXBuildFile; fileRef = D32AC7F22C170D8800BDFBAC /* SHDependencies */; };
		D32AC7F82C172CFA00BDFBAC /* SHColor.swift in Sources */ = {isa = PBXBuildFile; fileRef = D32AC7F72C172CFA00BDFBAC /* SHColor.swift */; };
		D32AC7FA2C172D3400BDFBAC /* SHShapeStyle.swift in Sources */ = {isa = PBXBuildFile; fileRef = D32AC7F92C172D3400BDFBAC /* SHShapeStyle.swift */; };
		D341A9EE2BDD60E500ED36F6 /* SHStorage in Frameworks */ = {isa = PBXBuildFile; productRef = D341A9ED2BDD60E500ED36F6 /* SHStorage */; };
		D356C5142BF7CAA700A4CE6E /* RootViewModel.swift in Sources */ = {isa = PBXBuildFile; fileRef = D356C5132BF7CAA700A4CE6E /* RootViewModel.swift */; };
		D356C5152BF7CAA700A4CE6E /* RootViewModel.swift in Sources */ = {isa = PBXBuildFile; fileRef = D356C5132BF7CAA700A4CE6E /* RootViewModel.swift */; };
		D356C5162BF7CAA700A4CE6E /* RootViewModel.swift in Sources */ = {isa = PBXBuildFile; fileRef = D356C5132BF7CAA700A4CE6E /* RootViewModel.swift */; };
		D356C51C2BF7CCCC00A4CE6E /* SettingsViewModel.swift in Sources */ = {isa = PBXBuildFile; fileRef = D356C51B2BF7CCCC00A4CE6E /* SettingsViewModel.swift */; };
		D356C51D2BF7CCCC00A4CE6E /* SettingsViewModel.swift in Sources */ = {isa = PBXBuildFile; fileRef = D356C51B2BF7CCCC00A4CE6E /* SettingsViewModel.swift */; };
		D356C51E2BF7CCCC00A4CE6E /* SettingsViewModel.swift in Sources */ = {isa = PBXBuildFile; fileRef = D356C51B2BF7CCCC00A4CE6E /* SettingsViewModel.swift */; };
		D386D5C52BEAC78D00B584C9 /* RootView.swift in Sources */ = {isa = PBXBuildFile; fileRef = D386D5C42BEAC78D00B584C9 /* RootView.swift */; };
		D386D5C62BEAC78D00B584C9 /* RootView.swift in Sources */ = {isa = PBXBuildFile; fileRef = D386D5C42BEAC78D00B584C9 /* RootView.swift */; };
		D386D5C72BEAC78D00B584C9 /* RootView.swift in Sources */ = {isa = PBXBuildFile; fileRef = D386D5C42BEAC78D00B584C9 /* RootView.swift */; };
		D399267F2C04DBB8000D7308 /* SHSection.swift in Sources */ = {isa = PBXBuildFile; fileRef = D399267E2C04DBB8000D7308 /* SHSection.swift */; };
		D39926802C04DBB8000D7308 /* SHSection.swift in Sources */ = {isa = PBXBuildFile; fileRef = D399267E2C04DBB8000D7308 /* SHSection.swift */; };
		D39926882C04F537000D7308 /* SHDebug in Frameworks */ = {isa = PBXBuildFile; productRef = D39926872C04F537000D7308 /* SHDebug */; };
		D399268A2C04FB4B000D7308 /* Color+SHColor.swift in Sources */ = {isa = PBXBuildFile; fileRef = D39926892C04FB4B000D7308 /* Color+SHColor.swift */; };
		D3B32AC62C00B9FF0025B441 /* ChangelogsView.swift in Sources */ = {isa = PBXBuildFile; fileRef = D3B32AC52C00B9FF0025B441 /* ChangelogsView.swift */; };
		D3B32AC72C00B9FF0025B441 /* ChangelogsView.swift in Sources */ = {isa = PBXBuildFile; fileRef = D3B32AC52C00B9FF0025B441 /* ChangelogsView.swift */; };
		D3B32AC82C00B9FF0025B441 /* ChangelogsView.swift in Sources */ = {isa = PBXBuildFile; fileRef = D3B32AC52C00B9FF0025B441 /* ChangelogsView.swift */; };
		D3FA3DDA2BF8E270004CD46D /* AngledBottomLine.swift in Sources */ = {isa = PBXBuildFile; fileRef = D3FA3DD92BF8E270004CD46D /* AngledBottomLine.swift */; };
		D3FA3DDB2BF8E270004CD46D /* AngledBottomLine.swift in Sources */ = {isa = PBXBuildFile; fileRef = D3FA3DD92BF8E270004CD46D /* AngledBottomLine.swift */; };
		F934317F2ACAA2A30082C404 /* Disclaimer_V1.7.1.swift in Sources */ = {isa = PBXBuildFile; fileRef = F934317E2AC9A9D00082C404 /* Disclaimer_V1.7.1.swift */; };
		F93431802ACAA2A40082C404 /* Disclaimer_V1.7.1.swift in Sources */ = {isa = PBXBuildFile; fileRef = F934317E2AC9A9D00082C404 /* Disclaimer_V1.7.1.swift */; };
		F93431812ACAA2A40082C404 /* Disclaimer_V1.7.1.swift in Sources */ = {isa = PBXBuildFile; fileRef = F934317E2AC9A9D00082C404 /* Disclaimer_V1.7.1.swift */; };
		F946413926A2D6AE001F8ACF /* FloatingPointFormatStyle.swift in Sources */ = {isa = PBXBuildFile; fileRef = F946413826A2D6AE001F8ACF /* FloatingPointFormatStyle.swift */; };
		F946413A26A2D6AE001F8ACF /* FloatingPointFormatStyle.swift in Sources */ = {isa = PBXBuildFile; fileRef = F946413826A2D6AE001F8ACF /* FloatingPointFormatStyle.swift */; };
		F95DAF932AC6ACC60062A5AD /* NewProductionItemRow.swift in Sources */ = {isa = PBXBuildFile; fileRef = F9B92FE92A2665BC00C173BF /* NewProductionItemRow.swift */; };
		F95DAF952AC6ACC60062A5AD /* SendFeedbackButton.swift in Sources */ = {isa = PBXBuildFile; fileRef = F998FFF32A116CED00EB7225 /* SendFeedbackButton.swift */; };
		F95DAF982AC6ACC60062A5AD /* Disclaimer_V1.4.swift in Sources */ = {isa = PBXBuildFile; fileRef = F9B930082A26A57C00C173BF /* Disclaimer_V1.4.swift */; };
		F95DAF9A2AC6ACC60062A5AD /* Disclaimer_V1.5.1.swift in Sources */ = {isa = PBXBuildFile; fileRef = F9AB09042A2C6B7600233E53 /* Disclaimer_V1.5.1.swift */; };
		F95DAF9C2AC6ACC60062A5AD /* Gradients.swift in Sources */ = {isa = PBXBuildFile; fileRef = F9DCF6A82A2F7370007B94DF /* Gradients.swift */; };
		F95DAF9D2AC6ACC60062A5AD /* BubbleModifier.swift in Sources */ = {isa = PBXBuildFile; fileRef = F9B92FF82A26944B00C173BF /* BubbleModifier.swift */; };
		F95DAF9F2AC6ACC60062A5AD /* FloatingPointFormatStyle.swift in Sources */ = {isa = PBXBuildFile; fileRef = F946413826A2D6AE001F8ACF /* FloatingPointFormatStyle.swift */; };
		F95DAFA12AC6ACC60062A5AD /* Disclaimer_V1.6.swift in Sources */ = {isa = PBXBuildFile; fileRef = F9DCF6AB2A2F8C37007B94DF /* Disclaimer_V1.6.swift */; };
		F95DAFA22AC6ACC60062A5AD /* Bundle+Version.swift in Sources */ = {isa = PBXBuildFile; fileRef = F9B92FEE2A26863600C173BF /* Bundle+Version.swift */; };
		F95DAFA52AC6ACC60062A5AD /* FeedbackView.swift in Sources */ = {isa = PBXBuildFile; fileRef = F998FFF02A1159CC00EB7225 /* FeedbackView.swift */; };
		F95DAFA62AC6ACC60062A5AD /* Tree.swift in Sources */ = {isa = PBXBuildFile; fileRef = F9E27166273FC9550068B36E /* Tree.swift */; };
		F95DAFA92AC6ACC60062A5AD /* SizeReader.swift in Sources */ = {isa = PBXBuildFile; fileRef = F9B92FFE2A269CC600C173BF /* SizeReader.swift */; };
		F95DAFAB2AC6ACC60062A5AD /* DisclaimerViewContainer.swift in Sources */ = {isa = PBXBuildFile; fileRef = F9B930042A26A0FE00C173BF /* DisclaimerViewContainer.swift */; };
		F95DAFAC2AC6ACC60062A5AD /* AngledLinedBackground.swift in Sources */ = {isa = PBXBuildFile; fileRef = F981CA172A54829100210E89 /* AngledLinedBackground.swift */; };
		F95DAFAE2AC6ACC60062A5AD /* SatisfactoryApp.swift in Sources */ = {isa = PBXBuildFile; fileRef = 450BD18F24A6395700948B47 /* SatisfactoryApp.swift */; };
		F95DAFB32AC6ACC60062A5AD /* SettingsView.swift in Sources */ = {isa = PBXBuildFile; fileRef = F9CBF0B927493FD90020871C /* SettingsView.swift */; };
		F95DAFB52AC6ACC60062A5AD /* Disclaimer.swift in Sources */ = {isa = PBXBuildFile; fileRef = F9B930012A26A06B00C173BF /* Disclaimer.swift */; };
		F95DAFB72AC6ACC60062A5AD /* CGPoint+Offset.swift in Sources */ = {isa = PBXBuildFile; fileRef = F9B92FE72A26603A00C173BF /* CGPoint+Offset.swift */; };
		F95DAFBC2AC6ACC60062A5AD /* DisclaimerView.swift in Sources */ = {isa = PBXBuildFile; fileRef = F998FFED2A114F5200EB7225 /* DisclaimerView.swift */; };
		F95DAFC02AC6ACC60062A5AD /* Disclaimer_V1.5.swift in Sources */ = {isa = PBXBuildFile; fileRef = F9B92FFB2A2694BF00C173BF /* Disclaimer_V1.5.swift */; };
		F95DAFC32AC6ACC60062A5AD /* AngledRectangled.swift in Sources */ = {isa = PBXBuildFile; fileRef = F9B92FE02A265DA800C173BF /* AngledRectangled.swift */; };
		F95DAFCA2AC6ACC60062A5AD /* CGRect+Points.swift in Sources */ = {isa = PBXBuildFile; fileRef = F9B92FE42A265F3C00C173BF /* CGRect+Points.swift */; };
		F95DAFCD2AC6ACC60062A5AD /* Disclaimer_V1.7.swift in Sources */ = {isa = PBXBuildFile; fileRef = F9BAB9D82AC614CF00BE130F /* Disclaimer_V1.7.swift */; };
		F95DAFCE2AC6ACC60062A5AD /* CalculationStatistics.swift in Sources */ = {isa = PBXBuildFile; fileRef = F9B91040273EA74C00274EE3 /* CalculationStatistics.swift */; };
		F95DAFD52AC6ACC60062A5AD /* Assets.xcassets in Resources */ = {isa = PBXBuildFile; fileRef = 450BD19124A6395700948B47 /* Assets.xcassets */; };
		F95DAFDE2AC6AE9F0062A5AD /* Info-AppStoreScreenshots.plist in Resources */ = {isa = PBXBuildFile; fileRef = F95DAFDD2AC6AE9F0062A5AD /* Info-AppStoreScreenshots.plist */; };
		F981CA182A54829100210E89 /* AngledLinedBackground.swift in Sources */ = {isa = PBXBuildFile; fileRef = F981CA172A54829100210E89 /* AngledLinedBackground.swift */; };
		F998FFEE2A114F5200EB7225 /* DisclaimerView.swift in Sources */ = {isa = PBXBuildFile; fileRef = F998FFED2A114F5200EB7225 /* DisclaimerView.swift */; };
		F998FFEF2A114F5200EB7225 /* DisclaimerView.swift in Sources */ = {isa = PBXBuildFile; fileRef = F998FFED2A114F5200EB7225 /* DisclaimerView.swift */; };
		F998FFF12A1159CC00EB7225 /* FeedbackView.swift in Sources */ = {isa = PBXBuildFile; fileRef = F998FFF02A1159CC00EB7225 /* FeedbackView.swift */; };
		F998FFF22A1159CC00EB7225 /* FeedbackView.swift in Sources */ = {isa = PBXBuildFile; fileRef = F998FFF02A1159CC00EB7225 /* FeedbackView.swift */; };
		F998FFF42A116CED00EB7225 /* SendFeedbackButton.swift in Sources */ = {isa = PBXBuildFile; fileRef = F998FFF32A116CED00EB7225 /* SendFeedbackButton.swift */; };
		F998FFF52A116CED00EB7225 /* SendFeedbackButton.swift in Sources */ = {isa = PBXBuildFile; fileRef = F998FFF32A116CED00EB7225 /* SendFeedbackButton.swift */; };
		F9AB09052A2C6CA000233E53 /* Disclaimer_V1.5.1.swift in Sources */ = {isa = PBXBuildFile; fileRef = F9AB09042A2C6B7600233E53 /* Disclaimer_V1.5.1.swift */; };
		F9AB09062A2C6CA000233E53 /* Disclaimer_V1.5.1.swift in Sources */ = {isa = PBXBuildFile; fileRef = F9AB09042A2C6B7600233E53 /* Disclaimer_V1.5.1.swift */; };
		F9B91041273EA74C00274EE3 /* CalculationStatistics.swift in Sources */ = {isa = PBXBuildFile; fileRef = F9B91040273EA74C00274EE3 /* CalculationStatistics.swift */; };
		F9B91042273EA74C00274EE3 /* CalculationStatistics.swift in Sources */ = {isa = PBXBuildFile; fileRef = F9B91040273EA74C00274EE3 /* CalculationStatistics.swift */; };
		F9B92FE12A265DA800C173BF /* AngledRectangled.swift in Sources */ = {isa = PBXBuildFile; fileRef = F9B92FE02A265DA800C173BF /* AngledRectangled.swift */; };
		F9B92FE52A265F3C00C173BF /* CGRect+Points.swift in Sources */ = {isa = PBXBuildFile; fileRef = F9B92FE42A265F3C00C173BF /* CGRect+Points.swift */; };
		F9B92FE82A26603A00C173BF /* CGPoint+Offset.swift in Sources */ = {isa = PBXBuildFile; fileRef = F9B92FE72A26603A00C173BF /* CGPoint+Offset.swift */; };
		F9B92FEA2A2665BC00C173BF /* NewProductionItemRow.swift in Sources */ = {isa = PBXBuildFile; fileRef = F9B92FE92A2665BC00C173BF /* NewProductionItemRow.swift */; };
		F9B92FEF2A26863600C173BF /* Bundle+Version.swift in Sources */ = {isa = PBXBuildFile; fileRef = F9B92FEE2A26863600C173BF /* Bundle+Version.swift */; };
		F9B92FF92A26944B00C173BF /* BubbleModifier.swift in Sources */ = {isa = PBXBuildFile; fileRef = F9B92FF82A26944B00C173BF /* BubbleModifier.swift */; };
		F9B92FFA2A26944B00C173BF /* BubbleModifier.swift in Sources */ = {isa = PBXBuildFile; fileRef = F9B92FF82A26944B00C173BF /* BubbleModifier.swift */; };
		F9B92FFC2A2694BF00C173BF /* Disclaimer_V1.5.swift in Sources */ = {isa = PBXBuildFile; fileRef = F9B92FFB2A2694BF00C173BF /* Disclaimer_V1.5.swift */; };
		F9B92FFD2A2694BF00C173BF /* Disclaimer_V1.5.swift in Sources */ = {isa = PBXBuildFile; fileRef = F9B92FFB2A2694BF00C173BF /* Disclaimer_V1.5.swift */; };
		F9B92FFF2A269CC600C173BF /* SizeReader.swift in Sources */ = {isa = PBXBuildFile; fileRef = F9B92FFE2A269CC600C173BF /* SizeReader.swift */; };
		F9B930002A269CC600C173BF /* SizeReader.swift in Sources */ = {isa = PBXBuildFile; fileRef = F9B92FFE2A269CC600C173BF /* SizeReader.swift */; };
		F9B930022A26A06B00C173BF /* Disclaimer.swift in Sources */ = {isa = PBXBuildFile; fileRef = F9B930012A26A06B00C173BF /* Disclaimer.swift */; };
		F9B930032A26A06B00C173BF /* Disclaimer.swift in Sources */ = {isa = PBXBuildFile; fileRef = F9B930012A26A06B00C173BF /* Disclaimer.swift */; };
		F9B930052A26A0FE00C173BF /* DisclaimerViewContainer.swift in Sources */ = {isa = PBXBuildFile; fileRef = F9B930042A26A0FE00C173BF /* DisclaimerViewContainer.swift */; };
		F9B930062A26A0FE00C173BF /* DisclaimerViewContainer.swift in Sources */ = {isa = PBXBuildFile; fileRef = F9B930042A26A0FE00C173BF /* DisclaimerViewContainer.swift */; };
		F9B930092A26A57C00C173BF /* Disclaimer_V1.4.swift in Sources */ = {isa = PBXBuildFile; fileRef = F9B930082A26A57C00C173BF /* Disclaimer_V1.4.swift */; };
		F9B9300A2A26A57C00C173BF /* Disclaimer_V1.4.swift in Sources */ = {isa = PBXBuildFile; fileRef = F9B930082A26A57C00C173BF /* Disclaimer_V1.4.swift */; };
		F9BAB9D92AC614CF00BE130F /* Disclaimer_V1.7.swift in Sources */ = {isa = PBXBuildFile; fileRef = F9BAB9D82AC614CF00BE130F /* Disclaimer_V1.7.swift */; };
		F9BAB9DA2AC614CF00BE130F /* Disclaimer_V1.7.swift in Sources */ = {isa = PBXBuildFile; fileRef = F9BAB9D82AC614CF00BE130F /* Disclaimer_V1.7.swift */; };
		F9CBF0BA27493FD90020871C /* SettingsView.swift in Sources */ = {isa = PBXBuildFile; fileRef = F9CBF0B927493FD90020871C /* SettingsView.swift */; };
		F9CBF0BB27493FD90020871C /* SettingsView.swift in Sources */ = {isa = PBXBuildFile; fileRef = F9CBF0B927493FD90020871C /* SettingsView.swift */; };
		F9DCF6A92A2F7370007B94DF /* Gradients.swift in Sources */ = {isa = PBXBuildFile; fileRef = F9DCF6A82A2F7370007B94DF /* Gradients.swift */; };
		F9DCF6AA2A2F7370007B94DF /* Gradients.swift in Sources */ = {isa = PBXBuildFile; fileRef = F9DCF6A82A2F7370007B94DF /* Gradients.swift */; };
		F9DCF6AC2A2F8C37007B94DF /* Disclaimer_V1.6.swift in Sources */ = {isa = PBXBuildFile; fileRef = F9DCF6AB2A2F8C37007B94DF /* Disclaimer_V1.6.swift */; };
		F9DCF6AD2A2F8C37007B94DF /* Disclaimer_V1.6.swift in Sources */ = {isa = PBXBuildFile; fileRef = F9DCF6AB2A2F8C37007B94DF /* Disclaimer_V1.6.swift */; };
		F9E27167273FC9550068B36E /* Tree.swift in Sources */ = {isa = PBXBuildFile; fileRef = F9E27166273FC9550068B36E /* Tree.swift */; };
		F9E27168273FC9550068B36E /* Tree.swift in Sources */ = {isa = PBXBuildFile; fileRef = F9E27166273FC9550068B36E /* Tree.swift */; };
/* End PBXBuildFile section */

/* Begin PBXFileReference section */
		450BD18F24A6395700948B47 /* SatisfactoryApp.swift */ = {isa = PBXFileReference; lastKnownFileType = sourcecode.swift; path = SatisfactoryApp.swift; sourceTree = "<group>"; };
		450BD19124A6395700948B47 /* Assets.xcassets */ = {isa = PBXFileReference; lastKnownFileType = folder.assetcatalog; path = Assets.xcassets; sourceTree = "<group>"; };
		450BD19624A6395700948B47 /* Satisfactory.app */ = {isa = PBXFileReference; explicitFileType = wrapper.application; includeInIndex = 0; path = Satisfactory.app; sourceTree = BUILT_PRODUCTS_DIR; };
		450BD19924A6395700948B47 /* Info.plist */ = {isa = PBXFileReference; lastKnownFileType = text.plist.xml; path = Info.plist; sourceTree = "<group>"; };
		450BD19E24A6395700948B47 /* Satisfactory.app */ = {isa = PBXFileReference; explicitFileType = wrapper.application; includeInIndex = 0; path = Satisfactory.app; sourceTree = BUILT_PRODUCTS_DIR; };
		450BD1A024A6395700948B47 /* Info.plist */ = {isa = PBXFileReference; lastKnownFileType = text.plist.xml; path = Info.plist; sourceTree = "<group>"; };
		450BD1A124A6395700948B47 /* macOS.entitlements */ = {isa = PBXFileReference; lastKnownFileType = text.plist.entitlements; path = macOS.entitlements; sourceTree = "<group>"; };
		D30C26992BE7F3050009AE29 /* SHLogger */ = {isa = PBXFileReference; lastKnownFileType = wrapper; path = SHLogger; sourceTree = "<group>"; };
		D30D979C2BF6ACF6007B6850 /* RecipeProductionView.swift */ = {isa = PBXFileReference; lastKnownFileType = sourcecode.swift; path = RecipeProductionView.swift; sourceTree = "<group>"; };
		D30D97A12BF75412007B6850 /* NewProductionView.swift */ = {isa = PBXFileReference; lastKnownFileType = sourcecode.swift; path = NewProductionView.swift; sourceTree = "<group>"; };
		D314C3AF2C0464EB002825C9 /* TabsView.swift */ = {isa = PBXFileReference; lastKnownFileType = sourcecode.swift; path = TabsView.swift; sourceTree = "<group>"; };
		D314C3B42C04715D002825C9 /* ItemRecipesViewModel.swift */ = {isa = PBXFileReference; lastKnownFileType = sourcecode.swift; path = ItemRecipesViewModel.swift; sourceTree = "<group>"; };
		D314C3B82C0477E5002825C9 /* ItemRecipesView.swift */ = {isa = PBXFileReference; lastKnownFileType = sourcecode.swift; path = ItemRecipesView.swift; sourceTree = "<group>"; };
		D31F7C5B2BF7F0C100AAE5C0 /* NewProductionViewModel.swift */ = {isa = PBXFileReference; lastKnownFileType = sourcecode.swift; path = NewProductionViewModel.swift; sourceTree = "<group>"; };
		D32AC7D92C16D68F00BDFBAC /* ItemIconShape.swift */ = {isa = PBXFileReference; lastKnownFileType = sourcecode.swift; path = ItemIconShape.swift; sourceTree = "<group>"; };
		D32AC7DC2C16E96F00BDFBAC /* InverseMaskViewModifier.swift */ = {isa = PBXFileReference; lastKnownFileType = sourcecode.swift; path = InverseMaskViewModifier.swift; sourceTree = "<group>"; };
		D32AC7E32C16F17400BDFBAC /* RecipeDisplayView.swift */ = {isa = PBXFileReference; lastKnownFileType = sourcecode.swift; path = RecipeDisplayView.swift; sourceTree = "<group>"; };
		D32AC7E62C16F33100BDFBAC /* RecipeItemAmountShape.swift */ = {isa = PBXFileReference; lastKnownFileType = sourcecode.swift; path = RecipeItemAmountShape.swift; sourceTree = "<group>"; };
		D32AC7E92C16F3C700BDFBAC /* RecipeByproductShape.swift */ = {isa = PBXFileReference; lastKnownFileType = sourcecode.swift; path = RecipeByproductShape.swift; sourceTree = "<group>"; };
		D32AC7EC2C16FA9900BDFBAC /* ScrollOffsetReader.swift */ = {isa = PBXFileReference; lastKnownFileType = sourcecode.swift; path = ScrollOffsetReader.swift; sourceTree = "<group>"; };
		D32AC7EF2C1702D500BDFBAC /* RecipeProductionGroupView.swift */ = {isa = PBXFileReference; lastKnownFileType = sourcecode.swift; path = RecipeProductionGroupView.swift; sourceTree = "<group>"; };
		D32AC7F22C170D8800BDFBAC /* SHDependencies */ = {isa = PBXFileReference; lastKnownFileType = wrapper; path = SHDependencies; sourceTree = "<group>"; };
		D32AC7F72C172CFA00BDFBAC /* SHColor.swift */ = {isa = PBXFileReference; lastKnownFileType = sourcecode.swift; path = SHColor.swift; sourceTree = "<group>"; };
		D32AC7F92C172D3400BDFBAC /* SHShapeStyle.swift */ = {isa = PBXFileReference; lastKnownFileType = sourcecode.swift; path = SHShapeStyle.swift; sourceTree = "<group>"; };
		D341A9EB2BDD60C600ED36F6 /* SHStorage */ = {isa = PBXFileReference; lastKnownFileType = wrapper; path = SHStorage; sourceTree = "<group>"; };
		D356C5132BF7CAA700A4CE6E /* RootViewModel.swift */ = {isa = PBXFileReference; lastKnownFileType = sourcecode.swift; path = RootViewModel.swift; sourceTree = "<group>"; };
		D356C51B2BF7CCCC00A4CE6E /* SettingsViewModel.swift */ = {isa = PBXFileReference; lastKnownFileType = sourcecode.swift; path = SettingsViewModel.swift; sourceTree = "<group>"; };
		D356C53A2BF7D79700A4CE6E /* SHSettings */ = {isa = PBXFileReference; lastKnownFileType = wrapper; path = SHSettings; sourceTree = "<group>"; };
		D386D5C32BEA03F200B584C9 /* SHFileManager */ = {isa = PBXFileReference; lastKnownFileType = wrapper; path = SHFileManager; sourceTree = "<group>"; };
		D386D5C42BEAC78D00B584C9 /* RootView.swift */ = {isa = PBXFileReference; lastKnownFileType = sourcecode.swift; path = RootView.swift; sourceTree = "<group>"; };
		D389C5C32BDC2FBD003705A1 /* FactoriesView.swift */ = {isa = PBXFileReference; lastKnownFileType = sourcecode.swift; path = FactoriesView.swift; sourceTree = "<group>"; };
		D39597A22BFE99190046C23F /* SHPersistence */ = {isa = PBXFileReference; lastKnownFileType = wrapper; path = SHPersistence; sourceTree = "<group>"; };
		D399267E2C04DBB8000D7308 /* SHSection.swift */ = {isa = PBXFileReference; lastKnownFileType = sourcecode.swift; path = SHSection.swift; sourceTree = "<group>"; };
		D39926892C04FB4B000D7308 /* Color+SHColor.swift */ = {isa = PBXFileReference; lastKnownFileType = sourcecode.swift; path = "Color+SHColor.swift"; sourceTree = "<group>"; };
		D3B32AC52C00B9FF0025B441 /* ChangelogsView.swift */ = {isa = PBXFileReference; lastKnownFileType = sourcecode.swift; path = ChangelogsView.swift; sourceTree = "<group>"; };
		D3FA3DD92BF8E270004CD46D /* AngledBottomLine.swift */ = {isa = PBXFileReference; lastKnownFileType = sourcecode.swift; path = AngledBottomLine.swift; sourceTree = "<group>"; };
		F934317E2AC9A9D00082C404 /* Disclaimer_V1.7.1.swift */ = {isa = PBXFileReference; lastKnownFileType = sourcecode.swift; path = Disclaimer_V1.7.1.swift; sourceTree = "<group>"; };
		F946413826A2D6AE001F8ACF /* FloatingPointFormatStyle.swift */ = {isa = PBXFileReference; lastKnownFileType = sourcecode.swift; path = FloatingPointFormatStyle.swift; sourceTree = "<group>"; };
		F95DAFDB2AC6ACC60062A5AD /* iOS AppStore Screenshots.app */ = {isa = PBXFileReference; explicitFileType = wrapper.application; includeInIndex = 0; path = "iOS AppStore Screenshots.app"; sourceTree = BUILT_PRODUCTS_DIR; };
		F95DAFDD2AC6AE9F0062A5AD /* Info-AppStoreScreenshots.plist */ = {isa = PBXFileReference; fileEncoding = 4; lastKnownFileType = text.plist.xml; path = "Info-AppStoreScreenshots.plist"; sourceTree = "<group>"; };
		F981CA172A54829100210E89 /* AngledLinedBackground.swift */ = {isa = PBXFileReference; lastKnownFileType = sourcecode.swift; path = AngledLinedBackground.swift; sourceTree = "<group>"; };
		F998FFED2A114F5200EB7225 /* DisclaimerView.swift */ = {isa = PBXFileReference; lastKnownFileType = sourcecode.swift; path = DisclaimerView.swift; sourceTree = "<group>"; };
		F998FFF02A1159CC00EB7225 /* FeedbackView.swift */ = {isa = PBXFileReference; lastKnownFileType = sourcecode.swift; path = FeedbackView.swift; sourceTree = "<group>"; };
		F998FFF32A116CED00EB7225 /* SendFeedbackButton.swift */ = {isa = PBXFileReference; lastKnownFileType = sourcecode.swift; path = SendFeedbackButton.swift; sourceTree = "<group>"; };
		F99FBE8B2A9404660066339C /* SHTheme */ = {isa = PBXFileReference; lastKnownFileType = wrapper; path = SHTheme; sourceTree = "<group>"; };
		F99FBE8C2A9415CF0066339C /* SHDebug */ = {isa = PBXFileReference; lastKnownFileType = wrapper; path = SHDebug; sourceTree = "<group>"; };
		F9AB09042A2C6B7600233E53 /* Disclaimer_V1.5.1.swift */ = {isa = PBXFileReference; lastKnownFileType = sourcecode.swift; path = Disclaimer_V1.5.1.swift; sourceTree = "<group>"; };
		F9B91040273EA74C00274EE3 /* CalculationStatistics.swift */ = {isa = PBXFileReference; lastKnownFileType = sourcecode.swift; path = CalculationStatistics.swift; sourceTree = "<group>"; };
		F9B92FE02A265DA800C173BF /* AngledRectangled.swift */ = {isa = PBXFileReference; lastKnownFileType = sourcecode.swift; path = AngledRectangled.swift; sourceTree = "<group>"; };
		F9B92FE42A265F3C00C173BF /* CGRect+Points.swift */ = {isa = PBXFileReference; lastKnownFileType = sourcecode.swift; path = "CGRect+Points.swift"; sourceTree = "<group>"; };
		F9B92FE72A26603A00C173BF /* CGPoint+Offset.swift */ = {isa = PBXFileReference; lastKnownFileType = sourcecode.swift; path = "CGPoint+Offset.swift"; sourceTree = "<group>"; };
		F9B92FE92A2665BC00C173BF /* NewProductionItemRow.swift */ = {isa = PBXFileReference; lastKnownFileType = sourcecode.swift; path = NewProductionItemRow.swift; sourceTree = "<group>"; };
		F9B92FEE2A26863600C173BF /* Bundle+Version.swift */ = {isa = PBXFileReference; lastKnownFileType = sourcecode.swift; path = "Bundle+Version.swift"; sourceTree = "<group>"; };
		F9B92FF82A26944B00C173BF /* BubbleModifier.swift */ = {isa = PBXFileReference; lastKnownFileType = sourcecode.swift; path = BubbleModifier.swift; sourceTree = "<group>"; };
		F9B92FFB2A2694BF00C173BF /* Disclaimer_V1.5.swift */ = {isa = PBXFileReference; lastKnownFileType = sourcecode.swift; path = Disclaimer_V1.5.swift; sourceTree = "<group>"; };
		F9B92FFE2A269CC600C173BF /* SizeReader.swift */ = {isa = PBXFileReference; lastKnownFileType = sourcecode.swift; path = SizeReader.swift; sourceTree = "<group>"; };
		F9B930012A26A06B00C173BF /* Disclaimer.swift */ = {isa = PBXFileReference; lastKnownFileType = sourcecode.swift; path = Disclaimer.swift; sourceTree = "<group>"; };
		F9B930042A26A0FE00C173BF /* DisclaimerViewContainer.swift */ = {isa = PBXFileReference; lastKnownFileType = sourcecode.swift; path = DisclaimerViewContainer.swift; sourceTree = "<group>"; };
		F9B930082A26A57C00C173BF /* Disclaimer_V1.4.swift */ = {isa = PBXFileReference; lastKnownFileType = sourcecode.swift; path = Disclaimer_V1.4.swift; sourceTree = "<group>"; };
		F9BAB9D82AC614CF00BE130F /* Disclaimer_V1.7.swift */ = {isa = PBXFileReference; lastKnownFileType = sourcecode.swift; path = Disclaimer_V1.7.swift; sourceTree = "<group>"; };
		F9CBF0B927493FD90020871C /* SettingsView.swift */ = {isa = PBXFileReference; lastKnownFileType = sourcecode.swift; path = SettingsView.swift; sourceTree = "<group>"; };
		F9DCF6A82A2F7370007B94DF /* Gradients.swift */ = {isa = PBXFileReference; lastKnownFileType = sourcecode.swift; path = Gradients.swift; sourceTree = "<group>"; };
		F9DCF6AB2A2F8C37007B94DF /* Disclaimer_V1.6.swift */ = {isa = PBXFileReference; lastKnownFileType = sourcecode.swift; path = Disclaimer_V1.6.swift; sourceTree = "<group>"; };
		F9E27166273FC9550068B36E /* Tree.swift */ = {isa = PBXFileReference; lastKnownFileType = sourcecode.swift; path = Tree.swift; sourceTree = "<group>"; };
		F9EB45CB27454C8800FB8926 /* Production.swift */ = {isa = PBXFileReference; lastKnownFileType = sourcecode.swift; path = Production.swift; sourceTree = "<group>"; };
/* End PBXFileReference section */

/* Begin PBXFrameworksBuildPhase section */
		450BD19324A6395700948B47 /* Frameworks */ = {
			isa = PBXFrameworksBuildPhase;
			buildActionMask = 2147483647;
			files = (
				D39926882C04F537000D7308 /* SHDebug in Frameworks */,
				D31F7C5A2BF7E2D900AAE5C0 /* SHSettings in Frameworks */,
				D341A9EE2BDD60E500ED36F6 /* SHStorage in Frameworks */,
			);
			runOnlyForDeploymentPostprocessing = 0;
		};
		450BD19B24A6395700948B47 /* Frameworks */ = {
			isa = PBXFrameworksBuildPhase;
			buildActionMask = 2147483647;
			files = (
			);
			runOnlyForDeploymentPostprocessing = 0;
		};
		F95DAFD02AC6ACC60062A5AD /* Frameworks */ = {
			isa = PBXFrameworksBuildPhase;
			buildActionMask = 2147483647;
			files = (
			);
			runOnlyForDeploymentPostprocessing = 0;
		};
/* End PBXFrameworksBuildPhase section */

/* Begin PBXGroup section */
		450BD18924A6395700948B47 = {
			isa = PBXGroup;
			children = (
				450BD18E24A6395700948B47 /* Shared */,
				450BD19824A6395700948B47 /* iOS */,
				450BD19F24A6395700948B47 /* macOS */,
				F94C7F462A93FD7D004E9F35 /* Packages */,
				450BD19724A6395700948B47 /* Products */,
				D341A9EC2BDD60E500ED36F6 /* Frameworks */,
			);
			sourceTree = "<group>";
		};
		450BD18E24A6395700948B47 /* Shared */ = {
			isa = PBXGroup;
			children = (
				450BD1BB24A639FD00948B47 /* Extensions */,
				45115BDD24BF559300D58F6A /* UI */,
				F9EB45CB27454C8800FB8926 /* Production.swift */,
				450BD18F24A6395700948B47 /* SatisfactoryApp.swift */,
				450BD19124A6395700948B47 /* Assets.xcassets */,
				F9E27166273FC9550068B36E /* Tree.swift */,
			);
			path = Shared;
			sourceTree = "<group>";
		};
		450BD19724A6395700948B47 /* Products */ = {
			isa = PBXGroup;
			children = (
				450BD19624A6395700948B47 /* Satisfactory.app */,
				450BD19E24A6395700948B47 /* Satisfactory.app */,
				F95DAFDB2AC6ACC60062A5AD /* iOS AppStore Screenshots.app */,
			);
			name = Products;
			sourceTree = "<group>";
		};
		450BD19824A6395700948B47 /* iOS */ = {
			isa = PBXGroup;
			children = (
				450BD19924A6395700948B47 /* Info.plist */,
				F95DAFDD2AC6AE9F0062A5AD /* Info-AppStoreScreenshots.plist */,
			);
			path = iOS;
			sourceTree = "<group>";
		};
		450BD19F24A6395700948B47 /* macOS */ = {
			isa = PBXGroup;
			children = (
				459A945824CD6A4D00C260BB /* UI */,
				450BD1A024A6395700948B47 /* Info.plist */,
				450BD1A124A6395700948B47 /* macOS.entitlements */,
			);
			path = macOS;
			sourceTree = "<group>";
		};
		450BD1BB24A639FD00948B47 /* Extensions */ = {
			isa = PBXGroup;
			children = (
				F9B92FED2A26862800C173BF /* Bundle */,
				F946413826A2D6AE001F8ACF /* FloatingPointFormatStyle.swift */,
				F9B92FE42A265F3C00C173BF /* CGRect+Points.swift */,
				F9B92FE72A26603A00C173BF /* CGPoint+Offset.swift */,
			);
			path = Extensions;
			sourceTree = "<group>";
		};
		45115BDD24BF559300D58F6A /* UI */ = {
			isa = PBXGroup;
			children = (
				D399267D2C04DBAC000D7308 /* SHSection */,
				D30D978D2BF69C85007B6850 /* Root */,
				D30D97922BF6A9F4007B6850 /* Settings */,
				D30D97A02BF75400007B6850 /* New Production */,
				D37E6BC32C03D36A001F3683 /* ItemRecipes */,
				D32AC7E22C16F16400BDFBAC /* RecipeDisplay */,
				D30D97972BF6ACD6007B6850 /* RecipeProduction */,
				F9B92FF72A26944000C173BF /* ViewModifiers */,
				F9B92FF02A2692D800C173BF /* Disclaimers */,
				F9B92FDF2A265D8700C173BF /* Shapes */,
				D389C5C32BDC2FBD003705A1 /* FactoriesView.swift */,
				F9B91040273EA74C00274EE3 /* CalculationStatistics.swift */,
				F998FFF32A116CED00EB7225 /* SendFeedbackButton.swift */,
				F9DCF6A82A2F7370007B94DF /* Gradients.swift */,
				D32AC7F62C172CF300BDFBAC /* Colors */,
			);
			path = UI;
			sourceTree = "<group>";
		};
		459A945824CD6A4D00C260BB /* UI */ = {
			isa = PBXGroup;
			children = (
			);
			path = UI;
			sourceTree = "<group>";
		};
		D30D978D2BF69C85007B6850 /* Root */ = {
			isa = PBXGroup;
			children = (
				D356C5132BF7CAA700A4CE6E /* RootViewModel.swift */,
				D386D5C42BEAC78D00B584C9 /* RootView.swift */,
				D314C3AF2C0464EB002825C9 /* TabsView.swift */,
			);
			path = Root;
			sourceTree = "<group>";
		};
		D30D97922BF6A9F4007B6850 /* Settings */ = {
			isa = PBXGroup;
			children = (
				D356C51B2BF7CCCC00A4CE6E /* SettingsViewModel.swift */,
				F9CBF0B927493FD90020871C /* SettingsView.swift */,
				D3B32AC52C00B9FF0025B441 /* ChangelogsView.swift */,
				F998FFF02A1159CC00EB7225 /* FeedbackView.swift */,
			);
			path = Settings;
			sourceTree = "<group>";
		};
		D30D97972BF6ACD6007B6850 /* RecipeProduction */ = {
			isa = PBXGroup;
			children = (
				D30D979C2BF6ACF6007B6850 /* RecipeProductionView.swift */,
				D32AC7EF2C1702D500BDFBAC /* RecipeProductionGroupView.swift */,
			);
			path = RecipeProduction;
			sourceTree = "<group>";
		};
		D30D97A02BF75400007B6850 /* New Production */ = {
			isa = PBXGroup;
			children = (
				D31F7C5B2BF7F0C100AAE5C0 /* NewProductionViewModel.swift */,
				D30D97A12BF75412007B6850 /* NewProductionView.swift */,
				F9B92FE92A2665BC00C173BF /* NewProductionItemRow.swift */,
			);
			path = "New Production";
			sourceTree = "<group>";
		};
		D32AC7E22C16F16400BDFBAC /* RecipeDisplay */ = {
			isa = PBXGroup;
			children = (
				D32AC7E32C16F17400BDFBAC /* RecipeDisplayView.swift */,
			);
			path = RecipeDisplay;
			sourceTree = "<group>";
		};
		D32AC7F62C172CF300BDFBAC /* Colors */ = {
			isa = PBXGroup;
			children = (
				D32AC7F72C172CFA00BDFBAC /* SHColor.swift */,
				D32AC7F92C172D3400BDFBAC /* SHShapeStyle.swift */,
				D39926892C04FB4B000D7308 /* Color+SHColor.swift */,
			);
			path = Colors;
			sourceTree = "<group>";
		};
		D341A9EC2BDD60E500ED36F6 /* Frameworks */ = {
			isa = PBXGroup;
			children = (
			);
			name = Frameworks;
			sourceTree = "<group>";
		};
		D37E6BC32C03D36A001F3683 /* ItemRecipes */ = {
			isa = PBXGroup;
			children = (
				D314C3B42C04715D002825C9 /* ItemRecipesViewModel.swift */,
				D314C3B82C0477E5002825C9 /* ItemRecipesView.swift */,
			);
			path = ItemRecipes;
			sourceTree = "<group>";
		};
		D399267D2C04DBAC000D7308 /* SHSection */ = {
			isa = PBXGroup;
			children = (
				D399267E2C04DBB8000D7308 /* SHSection.swift */,
			);
			path = SHSection;
			sourceTree = "<group>";
		};
		F94C7F462A93FD7D004E9F35 /* Packages */ = {
			isa = PBXGroup;
			children = (
				D32AC7F22C170D8800BDFBAC /* SHDependencies */,
				D39597A22BFE99190046C23F /* SHPersistence */,
				D386D5C32BEA03F200B584C9 /* SHFileManager */,
				D30C26992BE7F3050009AE29 /* SHLogger */,
				F99FBE8C2A9415CF0066339C /* SHDebug */,
				D356C53A2BF7D79700A4CE6E /* SHSettings */,
				D341A9EB2BDD60C600ED36F6 /* SHStorage */,
				F99FBE8B2A9404660066339C /* SHTheme */,
			);
			path = Packages;
			sourceTree = "<group>";
		};
		F9B92FDF2A265D8700C173BF /* Shapes */ = {
			isa = PBXGroup;
			children = (
				F9B92FE02A265DA800C173BF /* AngledRectangled.swift */,
				F981CA172A54829100210E89 /* AngledLinedBackground.swift */,
				D3FA3DD92BF8E270004CD46D /* AngledBottomLine.swift */,
				D32AC7D92C16D68F00BDFBAC /* ItemIconShape.swift */,
				D32AC7E62C16F33100BDFBAC /* RecipeItemAmountShape.swift */,
				D32AC7E92C16F3C700BDFBAC /* RecipeByproductShape.swift */,
			);
			path = Shapes;
			sourceTree = "<group>";
		};
		F9B92FED2A26862800C173BF /* Bundle */ = {
			isa = PBXGroup;
			children = (
				F9B92FEE2A26863600C173BF /* Bundle+Version.swift */,
			);
			path = Bundle;
			sourceTree = "<group>";
		};
		F9B92FF02A2692D800C173BF /* Disclaimers */ = {
			isa = PBXGroup;
			children = (
				F9B930072A26A56D00C173BF /* Data */,
				F9B930042A26A0FE00C173BF /* DisclaimerViewContainer.swift */,
				F998FFED2A114F5200EB7225 /* DisclaimerView.swift */,
			);
			path = Disclaimers;
			sourceTree = "<group>";
		};
		F9B92FF72A26944000C173BF /* ViewModifiers */ = {
			isa = PBXGroup;
			children = (
				F9B92FF82A26944B00C173BF /* BubbleModifier.swift */,
				F9B92FFE2A269CC600C173BF /* SizeReader.swift */,
				D32AC7DC2C16E96F00BDFBAC /* InverseMaskViewModifier.swift */,
				D32AC7EC2C16FA9900BDFBAC /* ScrollOffsetReader.swift */,
			);
			path = ViewModifiers;
			sourceTree = "<group>";
		};
		F9B930072A26A56D00C173BF /* Data */ = {
			isa = PBXGroup;
			children = (
				F9B930012A26A06B00C173BF /* Disclaimer.swift */,
				F9B930082A26A57C00C173BF /* Disclaimer_V1.4.swift */,
				F9B92FFB2A2694BF00C173BF /* Disclaimer_V1.5.swift */,
				F9AB09042A2C6B7600233E53 /* Disclaimer_V1.5.1.swift */,
				F9DCF6AB2A2F8C37007B94DF /* Disclaimer_V1.6.swift */,
				F9BAB9D82AC614CF00BE130F /* Disclaimer_V1.7.swift */,
				F934317E2AC9A9D00082C404 /* Disclaimer_V1.7.1.swift */,
			);
			path = Data;
			sourceTree = "<group>";
		};
/* End PBXGroup section */

/* Begin PBXNativeTarget section */
		450BD19524A6395700948B47 /* iOS */ = {
			isa = PBXNativeTarget;
			buildConfigurationList = 450BD1AA24A6395700948B47 /* Build configuration list for PBXNativeTarget "iOS" */;
			buildPhases = (
				450BD19224A6395700948B47 /* Sources */,
				450BD19324A6395700948B47 /* Frameworks */,
				450BD19424A6395700948B47 /* Resources */,
			);
			buildRules = (
			);
			dependencies = (
			);
			name = iOS;
			packageProductDependencies = (
				D341A9ED2BDD60E500ED36F6 /* SHStorage */,
				D31F7C592BF7E2D900AAE5C0 /* SHSettings */,
				D39926872C04F537000D7308 /* SHDebug */,
			);
			productName = iOS;
			productReference = 450BD19624A6395700948B47 /* Satisfactory.app */;
			productType = "com.apple.product-type.application";
		};
		450BD19D24A6395700948B47 /* macOS */ = {
			isa = PBXNativeTarget;
			buildConfigurationList = 450BD1AD24A6395700948B47 /* Build configuration list for PBXNativeTarget "macOS" */;
			buildPhases = (
				450BD19A24A6395700948B47 /* Sources */,
				450BD19B24A6395700948B47 /* Frameworks */,
				450BD19C24A6395700948B47 /* Resources */,
			);
			buildRules = (
			);
			dependencies = (
			);
			name = macOS;
			productName = macOS;
			productReference = 450BD19E24A6395700948B47 /* Satisfactory.app */;
			productType = "com.apple.product-type.application";
		};
		F95DAF912AC6ACC60062A5AD /* iOS AppStore Screenshots */ = {
			isa = PBXNativeTarget;
			buildConfigurationList = F95DAFD82AC6ACC60062A5AD /* Build configuration list for PBXNativeTarget "iOS AppStore Screenshots" */;
			buildPhases = (
				F95DAF922AC6ACC60062A5AD /* Sources */,
				F95DAFD02AC6ACC60062A5AD /* Frameworks */,
				F95DAFD12AC6ACC60062A5AD /* Resources */,
			);
			buildRules = (
			);
			dependencies = (
			);
			name = "iOS AppStore Screenshots";
			productName = iOS;
			productReference = F95DAFDB2AC6ACC60062A5AD /* iOS AppStore Screenshots.app */;
			productType = "com.apple.product-type.application";
		};
/* End PBXNativeTarget section */

/* Begin PBXProject section */
		450BD18A24A6395700948B47 /* Project object */ = {
			isa = PBXProject;
			attributes = {
				LastSwiftUpdateCheck = 1200;
				LastUpgradeCheck = 1240;
				TargetAttributes = {
					450BD19524A6395700948B47 = {
						CreatedOnToolsVersion = 12.0;
					};
					450BD19D24A6395700948B47 = {
						CreatedOnToolsVersion = 12.0;
					};
				};
			};
			buildConfigurationList = 450BD18D24A6395700948B47 /* Build configuration list for PBXProject "Satisfactory" */;
			compatibilityVersion = "Xcode 14.0";
			developmentRegion = en;
			hasScannedForEncodings = 0;
			knownRegions = (
				en,
				Base,
			);
			mainGroup = 450BD18924A6395700948B47;
			productRefGroup = 450BD19724A6395700948B47 /* Products */;
			projectDirPath = "";
			projectRoot = "";
			targets = (
				450BD19524A6395700948B47 /* iOS */,
				F95DAF912AC6ACC60062A5AD /* iOS AppStore Screenshots */,
				450BD19D24A6395700948B47 /* macOS */,
			);
		};
/* End PBXProject section */

/* Begin PBXResourcesBuildPhase section */
		450BD19424A6395700948B47 /* Resources */ = {
			isa = PBXResourcesBuildPhase;
			buildActionMask = 2147483647;
			files = (
				D32AC7F32C170D8800BDFBAC /* SHDependencies in Resources */,
				F95DAFDE2AC6AE9F0062A5AD /* Info-AppStoreScreenshots.plist in Resources */,
				450BD1A624A6395700948B47 /* Assets.xcassets in Resources */,
			);
			runOnlyForDeploymentPostprocessing = 0;
		};
		450BD19C24A6395700948B47 /* Resources */ = {
			isa = PBXResourcesBuildPhase;
			buildActionMask = 2147483647;
			files = (
				450BD1A724A6395700948B47 /* Assets.xcassets in Resources */,
			);
			runOnlyForDeploymentPostprocessing = 0;
		};
		F95DAFD12AC6ACC60062A5AD /* Resources */ = {
			isa = PBXResourcesBuildPhase;
			buildActionMask = 2147483647;
			files = (
				F95DAFD52AC6ACC60062A5AD /* Assets.xcassets in Resources */,
				D32AC7F42C170D8800BDFBAC /* SHDependencies in Resources */,
			);
			runOnlyForDeploymentPostprocessing = 0;
		};
/* End PBXResourcesBuildPhase section */

/* Begin PBXSourcesBuildPhase section */
		450BD19224A6395700948B47 /* Sources */ = {
			isa = PBXSourcesBuildPhase;
			buildActionMask = 2147483647;
			files = (
				F9B92FEA2A2665BC00C173BF /* NewProductionItemRow.swift in Sources */,
				F998FFF42A116CED00EB7225 /* SendFeedbackButton.swift in Sources */,
				F9B930092A26A57C00C173BF /* Disclaimer_V1.4.swift in Sources */,
				F9AB09052A2C6CA000233E53 /* Disclaimer_V1.5.1.swift in Sources */,
				D30D97A22BF75412007B6850 /* NewProductionView.swift in Sources */,
				D386D5C52BEAC78D00B584C9 /* RootView.swift in Sources */,
				D31F7C5C2BF7F0C100AAE5C0 /* NewProductionViewModel.swift in Sources */,
				F9DCF6A92A2F7370007B94DF /* Gradients.swift in Sources */,
				F9B92FF92A26944B00C173BF /* BubbleModifier.swift in Sources */,
				D32AC7F82C172CFA00BDFBAC /* SHColor.swift in Sources */,
				F946413926A2D6AE001F8ACF /* FloatingPointFormatStyle.swift in Sources */,
				D32AC7F02C1702D500BDFBAC /* RecipeProductionGroupView.swift in Sources */,
				F9DCF6AC2A2F8C37007B94DF /* Disclaimer_V1.6.swift in Sources */,
				D32AC7DA2C16D68F00BDFBAC /* ItemIconShape.swift in Sources */,
				D32AC7E72C16F33100BDFBAC /* RecipeItemAmountShape.swift in Sources */,
				F9B92FEF2A26863600C173BF /* Bundle+Version.swift in Sources */,
				F998FFF12A1159CC00EB7225 /* FeedbackView.swift in Sources */,
				F9E27167273FC9550068B36E /* Tree.swift in Sources */,
				D314C3B02C0464EB002825C9 /* TabsView.swift in Sources */,
				D32AC7FA2C172D3400BDFBAC /* SHShapeStyle.swift in Sources */,
				D314C3B52C04715D002825C9 /* ItemRecipesViewModel.swift in Sources */,
				F9B92FFF2A269CC600C173BF /* SizeReader.swift in Sources */,
				F9B930052A26A0FE00C173BF /* DisclaimerViewContainer.swift in Sources */,
				D314C3B92C0477E5002825C9 /* ItemRecipesView.swift in Sources */,
				F981CA182A54829100210E89 /* AngledLinedBackground.swift in Sources */,
				450BD1A224A6395700948B47 /* SatisfactoryApp.swift in Sources */,
				F9CBF0BA27493FD90020871C /* SettingsView.swift in Sources */,
				D32AC7EA2C16F3C700BDFBAC /* RecipeByproductShape.swift in Sources */,
				F934317F2ACAA2A30082C404 /* Disclaimer_V1.7.1.swift in Sources */,
				D356C51C2BF7CCCC00A4CE6E /* SettingsViewModel.swift in Sources */,
				F9B930022A26A06B00C173BF /* Disclaimer.swift in Sources */,
				D399268A2C04FB4B000D7308 /* Color+SHColor.swift in Sources */,
				F9B92FE82A26603A00C173BF /* CGPoint+Offset.swift in Sources */,
				D399267F2C04DBB8000D7308 /* SHSection.swift in Sources */,
				D32AC7ED2C16FA9900BDFBAC /* ScrollOffsetReader.swift in Sources */,
				D30D979D2BF6ACF6007B6850 /* RecipeProductionView.swift in Sources */,
				F998FFEE2A114F5200EB7225 /* DisclaimerView.swift in Sources */,
				D356C5142BF7CAA700A4CE6E /* RootViewModel.swift in Sources */,
				F9B92FFC2A2694BF00C173BF /* Disclaimer_V1.5.swift in Sources */,
				D32AC7E42C16F17400BDFBAC /* RecipeDisplayView.swift in Sources */,
				D3B32AC62C00B9FF0025B441 /* ChangelogsView.swift in Sources */,
				D3FA3DDA2BF8E270004CD46D /* AngledBottomLine.swift in Sources */,
				F9B92FE12A265DA800C173BF /* AngledRectangled.swift in Sources */,
				F9B92FE52A265F3C00C173BF /* CGRect+Points.swift in Sources */,
				D32AC7DD2C16E96F00BDFBAC /* InverseMaskViewModifier.swift in Sources */,
				F9BAB9D92AC614CF00BE130F /* Disclaimer_V1.7.swift in Sources */,
				F9B91041273EA74C00274EE3 /* CalculationStatistics.swift in Sources */,
			);
			runOnlyForDeploymentPostprocessing = 0;
		};
		450BD19A24A6395700948B47 /* Sources */ = {
			isa = PBXSourcesBuildPhase;
			buildActionMask = 2147483647;
			files = (
				D314C3B22C0464EB002825C9 /* TabsView.swift in Sources */,
				F998FFF52A116CED00EB7225 /* SendFeedbackButton.swift in Sources */,
				F9B930062A26A0FE00C173BF /* DisclaimerViewContainer.swift in Sources */,
				D386D5C72BEAC78D00B584C9 /* RootView.swift in Sources */,
				D30D979F2BF6ACF6007B6850 /* RecipeProductionView.swift in Sources */,
				F9B930032A26A06B00C173BF /* Disclaimer.swift in Sources */,
				F998FFF22A1159CC00EB7225 /* FeedbackView.swift in Sources */,
				D314C3B72C04715D002825C9 /* ItemRecipesViewModel.swift in Sources */,
				D356C51E2BF7CCCC00A4CE6E /* SettingsViewModel.swift in Sources */,
				F9E27168273FC9550068B36E /* Tree.swift in Sources */,
				F946413A26A2D6AE001F8ACF /* FloatingPointFormatStyle.swift in Sources */,
				F9AB09062A2C6CA000233E53 /* Disclaimer_V1.5.1.swift in Sources */,
				D3B32AC82C00B9FF0025B441 /* ChangelogsView.swift in Sources */,
				F9B92FFD2A2694BF00C173BF /* Disclaimer_V1.5.swift in Sources */,
				F9B9300A2A26A57C00C173BF /* Disclaimer_V1.4.swift in Sources */,
				450BD1A324A6395700948B47 /* SatisfactoryApp.swift in Sources */,
				F93431812ACAA2A40082C404 /* Disclaimer_V1.7.1.swift in Sources */,
				F9CBF0BB27493FD90020871C /* SettingsView.swift in Sources */,
				D30D97A42BF75412007B6850 /* NewProductionView.swift in Sources */,
				F9B92FFA2A26944B00C173BF /* BubbleModifier.swift in Sources */,
				F9DCF6AD2A2F8C37007B94DF /* Disclaimer_V1.6.swift in Sources */,
				D356C5162BF7CAA700A4CE6E /* RootViewModel.swift in Sources */,
				F998FFEF2A114F5200EB7225 /* DisclaimerView.swift in Sources */,
				D314C3BB2C0477E5002825C9 /* ItemRecipesView.swift in Sources */,
				F9BAB9DA2AC614CF00BE130F /* Disclaimer_V1.7.swift in Sources */,
				F9B930002A269CC600C173BF /* SizeReader.swift in Sources */,
				D31F7C5E2BF7F0C100AAE5C0 /* NewProductionViewModel.swift in Sources */,
				F9B91042273EA74C00274EE3 /* CalculationStatistics.swift in Sources */,
				F9DCF6AA2A2F7370007B94DF /* Gradients.swift in Sources */,
			);
			runOnlyForDeploymentPostprocessing = 0;
		};
		F95DAF922AC6ACC60062A5AD /* Sources */ = {
			isa = PBXSourcesBuildPhase;
			buildActionMask = 2147483647;
			files = (
				F95DAF932AC6ACC60062A5AD /* NewProductionItemRow.swift in Sources */,
				D32AC7F12C1702D500BDFBAC /* RecipeProductionGroupView.swift in Sources */,
				F95DAF952AC6ACC60062A5AD /* SendFeedbackButton.swift in Sources */,
				F95DAF982AC6ACC60062A5AD /* Disclaimer_V1.4.swift in Sources */,
				F95DAF9A2AC6ACC60062A5AD /* Disclaimer_V1.5.1.swift in Sources */,
				D32AC7E52C16F17400BDFBAC /* RecipeDisplayView.swift in Sources */,
				D30D97A32BF75412007B6850 /* NewProductionView.swift in Sources */,
				D386D5C62BEAC78D00B584C9 /* RootView.swift in Sources */,
				D31F7C5D2BF7F0C100AAE5C0 /* NewProductionViewModel.swift in Sources */,
				F95DAF9C2AC6ACC60062A5AD /* Gradients.swift in Sources */,
				F95DAF9D2AC6ACC60062A5AD /* BubbleModifier.swift in Sources */,
				F95DAF9F2AC6ACC60062A5AD /* FloatingPointFormatStyle.swift in Sources */,
				F95DAFA12AC6ACC60062A5AD /* Disclaimer_V1.6.swift in Sources */,
				F95DAFA22AC6ACC60062A5AD /* Bundle+Version.swift in Sources */,
				D32AC7E82C16F33100BDFBAC /* RecipeItemAmountShape.swift in Sources */,
				D39926802C04DBB8000D7308 /* SHSection.swift in Sources */,
				D32AC7EB2C16F3C700BDFBAC /* RecipeByproductShape.swift in Sources */,
				F95DAFA52AC6ACC60062A5AD /* FeedbackView.swift in Sources */,
				F95DAFA62AC6ACC60062A5AD /* Tree.swift in Sources */,
				F95DAFA92AC6ACC60062A5AD /* SizeReader.swift in Sources */,
				D32AC7EE2C16FA9900BDFBAC /* ScrollOffsetReader.swift in Sources */,
				F95DAFAB2AC6ACC60062A5AD /* DisclaimerViewContainer.swift in Sources */,
				F95DAFAC2AC6ACC60062A5AD /* AngledLinedBackground.swift in Sources */,
				F95DAFAE2AC6ACC60062A5AD /* SatisfactoryApp.swift in Sources */,
				D314C3BA2C0477E5002825C9 /* ItemRecipesView.swift in Sources */,
				D314C3B62C04715D002825C9 /* ItemRecipesViewModel.swift in Sources */,
				D32AC7DB2C16D68F00BDFBAC /* ItemIconShape.swift in Sources */,
				F95DAFB32AC6ACC60062A5AD /* SettingsView.swift in Sources */,
				F93431802ACAA2A40082C404 /* Disclaimer_V1.7.1.swift in Sources */,
				D356C51D2BF7CCCC00A4CE6E /* SettingsViewModel.swift in Sources */,
				F95DAFB52AC6ACC60062A5AD /* Disclaimer.swift in Sources */,
				F95DAFB72AC6ACC60062A5AD /* CGPoint+Offset.swift in Sources */,
				D30D979E2BF6ACF6007B6850 /* RecipeProductionView.swift in Sources */,
				F95DAFBC2AC6ACC60062A5AD /* DisclaimerView.swift in Sources */,
				D314C3B12C0464EB002825C9 /* TabsView.swift in Sources */,
				D356C5152BF7CAA700A4CE6E /* RootViewModel.swift in Sources */,
				D32AC7DE2C16E96F00BDFBAC /* InverseMaskViewModifier.swift in Sources */,
				F95DAFC02AC6ACC60062A5AD /* Disclaimer_V1.5.swift in Sources */,
				D3B32AC72C00B9FF0025B441 /* ChangelogsView.swift in Sources */,
				D3FA3DDB2BF8E270004CD46D /* AngledBottomLine.swift in Sources */,
				F95DAFC32AC6ACC60062A5AD /* AngledRectangled.swift in Sources */,
				F95DAFCA2AC6ACC60062A5AD /* CGRect+Points.swift in Sources */,
				F95DAFCD2AC6ACC60062A5AD /* Disclaimer_V1.7.swift in Sources */,
				F95DAFCE2AC6ACC60062A5AD /* CalculationStatistics.swift in Sources */,
			);
			runOnlyForDeploymentPostprocessing = 0;
		};
/* End PBXSourcesBuildPhase section */

/* Begin XCBuildConfiguration section */
		450BD1A824A6395700948B47 /* Debug */ = {
			isa = XCBuildConfiguration;
			buildSettings = {
				ALWAYS_SEARCH_USER_PATHS = NO;
				CLANG_ANALYZER_NONNULL = YES;
				CLANG_ANALYZER_NUMBER_OBJECT_CONVERSION = YES_AGGRESSIVE;
				CLANG_CXX_LANGUAGE_STANDARD = "gnu++14";
				CLANG_CXX_LIBRARY = "libc++";
				CLANG_ENABLE_MODULES = YES;
				CLANG_ENABLE_OBJC_ARC = YES;
				CLANG_ENABLE_OBJC_WEAK = YES;
				CLANG_WARN_BLOCK_CAPTURE_AUTORELEASING = YES;
				CLANG_WARN_BOOL_CONVERSION = YES;
				CLANG_WARN_COMMA = YES;
				CLANG_WARN_CONSTANT_CONVERSION = YES;
				CLANG_WARN_DEPRECATED_OBJC_IMPLEMENTATIONS = YES;
				CLANG_WARN_DIRECT_OBJC_ISA_USAGE = YES_ERROR;
				CLANG_WARN_DOCUMENTATION_COMMENTS = YES;
				CLANG_WARN_EMPTY_BODY = YES;
				CLANG_WARN_ENUM_CONVERSION = YES;
				CLANG_WARN_INFINITE_RECURSION = YES;
				CLANG_WARN_INT_CONVERSION = YES;
				CLANG_WARN_NON_LITERAL_NULL_CONVERSION = YES;
				CLANG_WARN_OBJC_IMPLICIT_RETAIN_SELF = YES;
				CLANG_WARN_OBJC_LITERAL_CONVERSION = YES;
				CLANG_WARN_OBJC_ROOT_CLASS = YES_ERROR;
				CLANG_WARN_QUOTED_INCLUDE_IN_FRAMEWORK_HEADER = YES;
				CLANG_WARN_RANGE_LOOP_ANALYSIS = YES;
				CLANG_WARN_STRICT_PROTOTYPES = YES;
				CLANG_WARN_SUSPICIOUS_MOVE = YES;
				CLANG_WARN_UNGUARDED_AVAILABILITY = YES_AGGRESSIVE;
				CLANG_WARN_UNREACHABLE_CODE = YES;
				CLANG_WARN__DUPLICATE_METHOD_MATCH = YES;
				COPY_PHASE_STRIP = NO;
				CURRENT_PROJECT_VERSION = 5;
				DEBUG_INFORMATION_FORMAT = dwarf;
				ENABLE_STRICT_OBJC_MSGSEND = YES;
				ENABLE_TESTABILITY = YES;
				GCC_C_LANGUAGE_STANDARD = gnu11;
				GCC_DYNAMIC_NO_PIC = NO;
				GCC_NO_COMMON_BLOCKS = YES;
				GCC_OPTIMIZATION_LEVEL = 0;
				GCC_PREPROCESSOR_DEFINITIONS = (
					"DEBUG=1",
					"$(inherited)",
				);
				GCC_WARN_64_TO_32_BIT_CONVERSION = YES;
				GCC_WARN_ABOUT_RETURN_TYPE = YES_ERROR;
				GCC_WARN_UNDECLARED_SELECTOR = YES;
				GCC_WARN_UNINITIALIZED_AUTOS = YES_AGGRESSIVE;
				GCC_WARN_UNUSED_FUNCTION = YES;
				GCC_WARN_UNUSED_VARIABLE = YES;
				IPHONEOS_DEPLOYMENT_TARGET = 17.0;
				MACOSX_DEPLOYMENT_TARGET = 14.0;
				MARKETING_VERSION = 1.6;
				MTL_ENABLE_DEBUG_INFO = INCLUDE_SOURCE;
				MTL_FAST_MATH = YES;
				ONLY_ACTIVE_ARCH = YES;
				SWIFT_ACTIVE_COMPILATION_CONDITIONS = DEBUG;
				SWIFT_OPTIMIZATION_LEVEL = "-Onone";
				SWIFT_VERSION = 5.0;
				VERSIONING_SYSTEM = "apple-generic";
			};
			name = Debug;
		};
		450BD1A924A6395700948B47 /* Release */ = {
			isa = XCBuildConfiguration;
			buildSettings = {
				ALWAYS_SEARCH_USER_PATHS = NO;
				CLANG_ANALYZER_NONNULL = YES;
				CLANG_ANALYZER_NUMBER_OBJECT_CONVERSION = YES_AGGRESSIVE;
				CLANG_CXX_LANGUAGE_STANDARD = "gnu++14";
				CLANG_CXX_LIBRARY = "libc++";
				CLANG_ENABLE_MODULES = YES;
				CLANG_ENABLE_OBJC_ARC = YES;
				CLANG_ENABLE_OBJC_WEAK = YES;
				CLANG_WARN_BLOCK_CAPTURE_AUTORELEASING = YES;
				CLANG_WARN_BOOL_CONVERSION = YES;
				CLANG_WARN_COMMA = YES;
				CLANG_WARN_CONSTANT_CONVERSION = YES;
				CLANG_WARN_DEPRECATED_OBJC_IMPLEMENTATIONS = YES;
				CLANG_WARN_DIRECT_OBJC_ISA_USAGE = YES_ERROR;
				CLANG_WARN_DOCUMENTATION_COMMENTS = YES;
				CLANG_WARN_EMPTY_BODY = YES;
				CLANG_WARN_ENUM_CONVERSION = YES;
				CLANG_WARN_INFINITE_RECURSION = YES;
				CLANG_WARN_INT_CONVERSION = YES;
				CLANG_WARN_NON_LITERAL_NULL_CONVERSION = YES;
				CLANG_WARN_OBJC_IMPLICIT_RETAIN_SELF = YES;
				CLANG_WARN_OBJC_LITERAL_CONVERSION = YES;
				CLANG_WARN_OBJC_ROOT_CLASS = YES_ERROR;
				CLANG_WARN_QUOTED_INCLUDE_IN_FRAMEWORK_HEADER = YES;
				CLANG_WARN_RANGE_LOOP_ANALYSIS = YES;
				CLANG_WARN_STRICT_PROTOTYPES = YES;
				CLANG_WARN_SUSPICIOUS_MOVE = YES;
				CLANG_WARN_UNGUARDED_AVAILABILITY = YES_AGGRESSIVE;
				CLANG_WARN_UNREACHABLE_CODE = YES;
				CLANG_WARN__DUPLICATE_METHOD_MATCH = YES;
				COPY_PHASE_STRIP = NO;
				CURRENT_PROJECT_VERSION = 5;
				DEBUG_INFORMATION_FORMAT = "dwarf-with-dsym";
				ENABLE_NS_ASSERTIONS = NO;
				ENABLE_STRICT_OBJC_MSGSEND = YES;
				GCC_C_LANGUAGE_STANDARD = gnu11;
				GCC_NO_COMMON_BLOCKS = YES;
				GCC_WARN_64_TO_32_BIT_CONVERSION = YES;
				GCC_WARN_ABOUT_RETURN_TYPE = YES_ERROR;
				GCC_WARN_UNDECLARED_SELECTOR = YES;
				GCC_WARN_UNINITIALIZED_AUTOS = YES_AGGRESSIVE;
				GCC_WARN_UNUSED_FUNCTION = YES;
				GCC_WARN_UNUSED_VARIABLE = YES;
				IPHONEOS_DEPLOYMENT_TARGET = 17.0;
				MACOSX_DEPLOYMENT_TARGET = 14.0;
				MARKETING_VERSION = 1.6;
				MTL_ENABLE_DEBUG_INFO = NO;
				MTL_FAST_MATH = YES;
				SWIFT_COMPILATION_MODE = wholemodule;
				SWIFT_OPTIMIZATION_LEVEL = "-O";
				SWIFT_VERSION = 5.0;
				VERSIONING_SYSTEM = "apple-generic";
			};
			name = Release;
		};
		450BD1AB24A6395700948B47 /* Debug */ = {
			isa = XCBuildConfiguration;
			buildSettings = {
				ASSETCATALOG_COMPILER_APPICON_NAME = AppIcon;
				ASSETCATALOG_COMPILER_GLOBAL_ACCENT_COLOR_NAME = "Colors/Orange/Orange - 60";
				CODE_SIGN_STYLE = Automatic;
				CURRENT_PROJECT_VERSION = 9;
				DEVELOPMENT_TEAM = 7R7GVTFP58;
				ENABLE_PREVIEWS = YES;
				INFOPLIST_FILE = iOS/Info.plist;
				INFOPLIST_KEY_LSApplicationCategoryType = "public.app-category.productivity";
				LD_RUNPATH_SEARCH_PATHS = (
					"$(inherited)",
					"@executable_path/Frameworks",
				);
				MARKETING_VERSION = 1.7.1;
				PRODUCT_BUNDLE_IDENTIFIER = com.breath.Satisfactory;
				PRODUCT_NAME = Satisfactory;
				SDKROOT = iphoneos;
				TARGETED_DEVICE_FAMILY = "1,2";
			};
			name = Debug;
		};
		450BD1AC24A6395700948B47 /* Release */ = {
			isa = XCBuildConfiguration;
			buildSettings = {
				ASSETCATALOG_COMPILER_APPICON_NAME = AppIcon;
				ASSETCATALOG_COMPILER_GLOBAL_ACCENT_COLOR_NAME = "Colors/Orange/Orange - 60";
				CODE_SIGN_STYLE = Automatic;
				CURRENT_PROJECT_VERSION = 9;
				DEVELOPMENT_TEAM = 7R7GVTFP58;
				ENABLE_PREVIEWS = YES;
				INFOPLIST_FILE = iOS/Info.plist;
				INFOPLIST_KEY_LSApplicationCategoryType = "public.app-category.productivity";
				LD_RUNPATH_SEARCH_PATHS = (
					"$(inherited)",
					"@executable_path/Frameworks",
				);
				MARKETING_VERSION = 1.7.1;
				PRODUCT_BUNDLE_IDENTIFIER = com.breath.Satisfactory;
				PRODUCT_NAME = Satisfactory;
				SDKROOT = iphoneos;
				TARGETED_DEVICE_FAMILY = "1,2";
				VALIDATE_PRODUCT = YES;
			};
			name = Release;
		};
		450BD1AE24A6395700948B47 /* Debug */ = {
			isa = XCBuildConfiguration;
			buildSettings = {
				ASSETCATALOG_COMPILER_APPICON_NAME = AppIcon;
				ASSETCATALOG_COMPILER_GLOBAL_ACCENT_COLOR_NAME = "Colors/Orange/Orange - 60";
				CODE_SIGN_ENTITLEMENTS = macOS/macOS.entitlements;
				CODE_SIGN_IDENTITY = "-";
				CODE_SIGN_STYLE = Automatic;
				COMBINE_HIDPI_IMAGES = YES;
				DEVELOPMENT_TEAM = 7R7GVTFP58;
				ENABLE_HARDENED_RUNTIME = YES;
				ENABLE_PREVIEWS = YES;
				INFOPLIST_FILE = macOS/Info.plist;
				LD_RUNPATH_SEARCH_PATHS = (
					"$(inherited)",
					"@executable_path/../Frameworks",
				);
				PRODUCT_BUNDLE_IDENTIFIER = com.breath.Satisfactory;
				PRODUCT_NAME = Satisfactory;
				SDKROOT = macosx;
				SWIFT_VERSION = 5.0;
			};
			name = Debug;
		};
		450BD1AF24A6395700948B47 /* Release */ = {
			isa = XCBuildConfiguration;
			buildSettings = {
				ASSETCATALOG_COMPILER_APPICON_NAME = AppIcon;
				ASSETCATALOG_COMPILER_GLOBAL_ACCENT_COLOR_NAME = "Colors/Orange/Orange - 60";
				CODE_SIGN_ENTITLEMENTS = macOS/macOS.entitlements;
				CODE_SIGN_IDENTITY = "-";
				CODE_SIGN_STYLE = Automatic;
				COMBINE_HIDPI_IMAGES = YES;
				DEVELOPMENT_TEAM = 7R7GVTFP58;
				ENABLE_HARDENED_RUNTIME = YES;
				ENABLE_PREVIEWS = YES;
				INFOPLIST_FILE = macOS/Info.plist;
				LD_RUNPATH_SEARCH_PATHS = (
					"$(inherited)",
					"@executable_path/../Frameworks",
				);
				PRODUCT_BUNDLE_IDENTIFIER = com.breath.Satisfactory;
				PRODUCT_NAME = Satisfactory;
				SDKROOT = macosx;
				SWIFT_VERSION = 5.0;
			};
			name = Release;
		};
		F95DAFD92AC6ACC60062A5AD /* Debug */ = {
			isa = XCBuildConfiguration;
			buildSettings = {
				ASSETCATALOG_COMPILER_APPICON_NAME = AppIcon;
				ASSETCATALOG_COMPILER_GLOBAL_ACCENT_COLOR_NAME = "Colors/Orange/Orange - 60";
				CODE_SIGN_STYLE = Automatic;
				CURRENT_PROJECT_VERSION = 9;
				DEVELOPMENT_TEAM = 7R7GVTFP58;
				ENABLE_PREVIEWS = YES;
				INFOPLIST_FILE = "iOS/Info-AppStoreScreenshots.plist";
				INFOPLIST_KEY_LSApplicationCategoryType = "public.app-category.productivity";
				LD_RUNPATH_SEARCH_PATHS = (
					"$(inherited)",
					"@executable_path/Frameworks",
				);
				MARKETING_VERSION = 1.7.1;
				PRODUCT_BUNDLE_IDENTIFIER = com.breath.Satisfactory.apc;
				PRODUCT_NAME = "$(TARGET_NAME)";
				SDKROOT = iphoneos;
				TARGETED_DEVICE_FAMILY = "1,2";
			};
			name = Debug;
		};
		F95DAFDA2AC6ACC60062A5AD /* Release */ = {
			isa = XCBuildConfiguration;
			buildSettings = {
				ASSETCATALOG_COMPILER_APPICON_NAME = AppIcon;
				ASSETCATALOG_COMPILER_GLOBAL_ACCENT_COLOR_NAME = "Colors/Orange/Orange - 60";
				CODE_SIGN_STYLE = Automatic;
				CURRENT_PROJECT_VERSION = 9;
				DEVELOPMENT_TEAM = 7R7GVTFP58;
				ENABLE_PREVIEWS = YES;
				INFOPLIST_FILE = "iOS/Info-AppStoreScreenshots.plist";
				INFOPLIST_KEY_LSApplicationCategoryType = "public.app-category.productivity";
				LD_RUNPATH_SEARCH_PATHS = (
					"$(inherited)",
					"@executable_path/Frameworks",
				);
				MARKETING_VERSION = 1.7.1;
				PRODUCT_BUNDLE_IDENTIFIER = com.breath.Satisfactory.apc;
				PRODUCT_NAME = "$(TARGET_NAME)";
				SDKROOT = iphoneos;
				TARGETED_DEVICE_FAMILY = "1,2";
				VALIDATE_PRODUCT = YES;
			};
			name = Release;
		};
/* End XCBuildConfiguration section */

/* Begin XCConfigurationList section */
		450BD18D24A6395700948B47 /* Build configuration list for PBXProject "Satisfactory" */ = {
			isa = XCConfigurationList;
			buildConfigurations = (
				450BD1A824A6395700948B47 /* Debug */,
				450BD1A924A6395700948B47 /* Release */,
			);
			defaultConfigurationIsVisible = 0;
			defaultConfigurationName = Release;
		};
		450BD1AA24A6395700948B47 /* Build configuration list for PBXNativeTarget "iOS" */ = {
			isa = XCConfigurationList;
			buildConfigurations = (
				450BD1AB24A6395700948B47 /* Debug */,
				450BD1AC24A6395700948B47 /* Release */,
			);
			defaultConfigurationIsVisible = 0;
			defaultConfigurationName = Release;
		};
		450BD1AD24A6395700948B47 /* Build configuration list for PBXNativeTarget "macOS" */ = {
			isa = XCConfigurationList;
			buildConfigurations = (
				450BD1AE24A6395700948B47 /* Debug */,
				450BD1AF24A6395700948B47 /* Release */,
			);
			defaultConfigurationIsVisible = 0;
			defaultConfigurationName = Release;
		};
		F95DAFD82AC6ACC60062A5AD /* Build configuration list for PBXNativeTarget "iOS AppStore Screenshots" */ = {
			isa = XCConfigurationList;
			buildConfigurations = (
				F95DAFD92AC6ACC60062A5AD /* Debug */,
				F95DAFDA2AC6ACC60062A5AD /* Release */,
			);
			defaultConfigurationIsVisible = 0;
			defaultConfigurationName = Release;
		};
/* End XCConfigurationList section */

/* Begin XCSwiftPackageProductDependency section */
		D31F7C592BF7E2D900AAE5C0 /* SHSettings */ = {
			isa = XCSwiftPackageProductDependency;
			productName = SHSettings;
		};
		D341A9ED2BDD60E500ED36F6 /* SHStorage */ = {
			isa = XCSwiftPackageProductDependency;
			productName = SHStorage;
		};
		D39926872C04F537000D7308 /* SHDebug */ = {
			isa = XCSwiftPackageProductDependency;
			productName = SHDebug;
		};
/* End XCSwiftPackageProductDependency section */
	};
	rootObject = 450BD18A24A6395700948B47 /* Project object */;
}
